# THIS IS AN AUTOGENERATED FILE. DO NOT EDIT THIS FILE DIRECTLY.
assets/about-main.png:
  development: 2017-03-18T17:34:57-04:00   4511e2e2bfcd5b5baa5b34e509512a96
assets/about-side.png:
  development: 2017-03-18T17:34:57-04:00   bdd73741a24de271866f5efdd2206474
assets/consistent_cart_addon.min.js:
  development: 2017-03-18T17:34:57-04:00   45a1ee15e66b7d6ab1a699aab1e722f2
assets/currency-flags-small.png:
  development: 2018-02-02T11:42:34-05:00   b3426b0214692d64910c1f2a329b6e0d
assets/currency-flags.png:
  development: 2018-02-02T11:42:30-05:00   59d3e93fa0a48bdc2eecb0d6bed1e7b9
assets/district.js.liquid:
  development: 2017-03-18T17:34:57-04:00   4663ac05a6e2e08d66ff49934f7f11af
assets/district.scss.liquid:
  development: 2017-03-18T17:34:57-04:00   868e5c5f6abfcb44eef5788ec1bca68f
assets/doubly.js:
  development: 2018-02-02T11:47:10-05:00   dc95719522bf96ca153d7c8062733a91
assets/favicon.png:
  development: 2017-03-18T17:34:57-04:00   1812e06bc84a9ac146712e54ee90af64
assets/ficon.eot:
  development: 2017-03-18T17:34:57-04:00   614cd27cd349381157de0b661794f043
assets/ficon.svg:
  development: 2017-03-18T17:34:57-04:00   ccfe651d46a4bd52d7046990eebe33a7
assets/ficon.ttf:
  development: 2017-03-18T17:34:58-04:00   4931c5b3fdb3a7bd9e307c2739116151
assets/ficon.woff:
  development: 2017-03-18T17:34:58-04:00   d79d77176e7f793579b7f68762bf57be
assets/ficon.zip:
  development: 2017-03-18T17:34:58-04:00   c6314dc350583270ccaded72a3c182eb
assets/footer-logo.png:
  development: 2017-03-18T17:34:58-04:00   5acfb363eed71f78526d922e262a3559
assets/gift-card.scss.liquid:
  development: 2017-03-18T17:34:58-04:00   d274b3afd522846fe48630fe0061f4e3
assets/ginit.js:
  development: 2018-02-02T11:42:23-05:00   e5d66bf2695e62d32acbe019920bc4a7
assets/homepage_featured_box_1_image-o.jpg:
  development: 2017-03-18T17:34:58-04:00   cdf8ac8b4589ec889269d7b83e9a7a4d
assets/homepage_featured_box_1_image.jpg:
  development: 2017-03-18T17:34:58-04:00   2756aa2cc04a8d9be431018d2aabc1ce
assets/homepage_featured_box_2_image-o.jpg:
  development: 2017-03-18T17:34:58-04:00   8d07f4c3b33588417bddc28eee6315c7
assets/homepage_featured_box_2_image.jpg:
  development: 2017-03-18T17:34:58-04:00   83aa783db3e717f5fe846800885e3141
assets/homepage_featured_box_3_image-o.jpg:
  development: 2017-03-18T17:34:58-04:00   6e21b83b89c2c0354db06e83242b5b92
assets/homepage_featured_box_3_image.jpg:
  development: 2017-03-18T17:34:58-04:00   6e21b83b89c2c0354db06e83242b5b92
assets/homepage_featured_box_4_image-o.jpg:
  development: 2017-03-18T17:34:59-04:00   051021d1be33a19ecbe30e8f86a243a1
assets/homepage_featured_box_4_image.jpg:
  development: 2017-03-18T17:34:59-04:00   051021d1be33a19ecbe30e8f86a243a1
assets/homepage_featured_box_5_image-o.jpg:
  development: 2017-03-18T17:34:59-04:00   8222b13162195efd64ea15d175749d68
assets/homepage_featured_box_5_image.jpg:
  development: 2017-03-18T17:34:59-04:00   8222b13162195efd64ea15d175749d68
assets/homepage_hero_image_1.jpg:
  development: 2017-03-18T17:35:00-04:00   9f940b2785c5d9ddd7da92a7995c07cf
assets/homepage_hero_image_2.jpg:
  development: 2017-03-18T17:35:00-04:00   dd41592d37a7deefb58515173d0c0b4a
assets/homepage_hero_image_3.jpg:
  development: 2017-03-18T17:35:00-04:00   c57d4d98f4a2656918ea4699bb9a2557
assets/homepage_hero_image_4.jpg:
  development: 2017-03-18T17:35:00-04:00   0615d665ef0678ced60263e8bb28d0ec
assets/homepage_hero_image_5.jpg:
  development: 2017-03-18T17:35:00-04:00   1bfd4a6e88110e9173ec1e590427726a
assets/ico-dropdown.svg.liquid:
  development: 2017-03-18T17:35:00-04:00   a12b9349ce8db59c6d2627921c188f3a
assets/ico-select-util.svg.liquid:
  development: 2017-03-18T17:35:00-04:00   f097ffe4930b275a03da3e9178a6e0a9
assets/ico-select.svg.liquid:
  development: 2017-03-18T17:35:00-04:00   9d8d3243c231676a7e82a6aeaee3caac
assets/icons.eot:
  development: 2017-03-18T17:35:00-04:00   0b9fb774ccd8a14e0a0ffc5c37158cd4
assets/icons.json:
  development: 2017-03-18T17:35:00-04:00   1bb4319d670c99e41a089112e0d91953
assets/icons.svg:
  development: 2017-03-18T17:35:01-04:00   6205948790041c19888d665210039209
assets/icons.ttf:
  development: 2017-03-18T17:35:01-04:00   50db6441a8b65e719164e1b1fc93422b
assets/icons.woff:
  development: 2017-03-18T17:35:01-04:00   eb2411122fff5371e21040ccba3c1f2e
assets/ie8.js:
  development: 2017-03-18T17:35:01-04:00   27a1e08b22d225cbfc3f6cdea9f44bff
assets/jquery.currencies.min.js:
  development: 2017-03-18T17:35:01-04:00   21a6f41c5ce4e3aafd4fd0c398703867
assets/jquery_accordion.js:
  development: 2017-03-18T17:35:01-04:00   cc526ab48ca4bff6f012c5409d7cc50d
assets/logo.png:
  development: 2017-03-18T17:35:01-04:00   371bc51355cf139ae19a6574d4b7f3d6
assets/minus.png:
  development: 2017-03-18T17:35:01-04:00   d34239a4b4c500abc56c54ff99f8839e
assets/modernizr.min.js:
  development: 2017-03-18T17:35:01-04:00   ccfb993dafa38324bee063f76f866670
assets/plus.png:
  development: 2017-03-18T17:35:01-04:00   296feb2ea0b90695526af11b19c567c9
assets/popup-header.jpg:
  development: 2017-03-18T17:35:01-04:00   4cff16bfe193094e7c8bf497044771d1
assets/respond-proxy.html:
  development: 2017-03-18T17:35:01-04:00   75002d74a330bff6bf069284da503b4c
assets/respond.min.js:
  development: 2017-03-18T17:35:01-04:00   a2684e9b8fa50d6d11c56a9ada068528
assets/selectivizr.js:
  development: 2017-03-18T17:35:02-04:00   5d7640238f1173cdae0085df68162794
assets/shippingandtaxcalculator.css:
  development: 2017-03-18T17:35:02-04:00   f2738f751af3d2a94d07c49d89dcab67
assets/vendor.js.liquid:
  development: 2017-03-18T17:35:02-04:00   0695575cf609135e74bab4aad97f1a32
assets/vncv.js:
  development: 2017-03-18T17:35:02-04:00   d24883a9d1623ad362924fc5ed74c572
config/settings_data.json:
  development: 2017-03-18T17:34:56-04:00   46e7f6f8d69eff0e3da434f5bac3f9d2
config/settings_schema.json:
  development: 2017-03-18T17:35:02-04:00   d3c82b960233c9b6982c685b86da5756
layout/theme-backup-social-sign-in.liquid:
  development: 2017-03-18T17:35:02-04:00   73f46f0045b4080d9ef7657d3958ec19
layout/theme.bak.2017-03-04@19-53-07utc.liquid:
  development: 2017-03-18T17:35:02-04:00   31939161a9733acdd463100832b45590
layout/theme.liquid:
  development: 2018-01-30T10:42:04-05:00   ed5db15de8a6e8f6612fbafa8de7dbd3
locales/de.json:
  development: 2017-03-18T17:35:04-04:00   1670a779116576147849c231e4b6cf56
locales/en.default.json:
  development: 2017-03-18T17:35:04-04:00   ed026c245f8b4123b42b050aae4190a5
locales/es.json:
  development: 2017-03-18T17:35:04-04:00   685b6dc760f5bfddac8a77b81a6801b1
locales/fr.json:
  development: 2017-03-18T17:35:04-04:00   22bbf359438bd9945fe8aaac4b57a77d
locales/pt-BR.json:
  development: 2017-03-18T17:35:04-04:00   c52677930d67ccbb00f07994b857000a
locales/pt-PT.json:
  development: 2017-03-18T17:35:04-04:00   c9693b83f457a03b39a5e374203dd9a2
snippets/accounts-nav.liquid:
  development: 2017-03-18T17:35:02-04:00   d3a39074fcbb999f65857a9bf0731cad
snippets/back-in-stock-helper.liquid:
  development: 2017-03-18T17:35:02-04:00   39d4ca6c91e9d4710eaff814870e69a9
snippets/bk-tracking.liquid:
  development: 2017-03-18T17:35:02-04:00   a400c192a1385308c77b9c4b3d65ef8a
snippets/blog-sidebar.liquid:
  development: 2017-03-18T17:35:02-04:00   cafddff966b40cca93fccaa69e5c5a36
snippets/bold-product.liquid:
  development: 2017-03-18T17:35:02-04:00   ad9ef59eb69339a1db06cb98658ce6b2
snippets/bold-variant.liquid:
  development: 2017-03-18T17:35:02-04:00   5bf8211fc55ca10f152b45fd7951e1c2
snippets/breadcrumb.liquid:
  development: 2017-03-18T17:35:02-04:00   a38ed8ded49b023e878d137f779ff649
snippets/cart-preview.liquid:
  development: 2017-03-18T17:35:02-04:00   e5dba85358aba5b5f34ebb2fcc7d4692
snippets/collection-sidebar.liquid:
  development: 2017-03-18T17:35:02-04:00   63a60e27219308d5e5464e541e7713bb
snippets/collection-sorting.liquid:
  development: 2017-03-18T17:35:02-04:00   d5b3db688af601a11bd41a4bc51cfd52
snippets/comment.liquid:
  development: 2017-03-18T17:35:02-04:00   e80c27f512b01871a374b12d536b2705
snippets/currencies.liquid:
  development: 2017-03-18T17:35:02-04:00   f473f662ede41999cbdbdcfa403ff471
snippets/currency-picker.liquid:
  development: 2017-03-18T17:35:02-04:00   19938e03aabe45c10116d7a5f6c2053b
snippets/custom-product-tabs.liquid:
  development: 2017-03-18T17:35:02-04:00   5ebaba5e5b38500d2746d08f266d12cd
snippets/easyvideo.liquid:
  development: 2017-03-18T17:35:02-04:00   405e392a729451cf224eba4f22605dc1
snippets/extra-collection.liquid:
  development: 2017-03-18T17:35:02-04:00   bffa48cc7b76c548b25360a5c700c1b1
snippets/featured-collection.liquid:
  development: 2017-03-18T17:35:02-04:00   bb1950b20cbafe8c38e25b958423f36d
snippets/featured-grid.liquid:
  development: 2017-03-18T17:35:03-04:00   ac7613733123f16357f418b91faf4ccb
snippets/featured-page.liquid:
  development: 2017-03-18T17:35:03-04:00   3bfc11c78c2013ed7d9b45e107c9ee25
snippets/fonts.liquid:
  development: 2017-03-18T17:35:03-04:00   64adfe1a17525361f5c8c906d2df5ba3
snippets/hero-slider.liquid:
  development: 2017-03-18T17:35:03-04:00   a1f45fd2d0c2945c3b406bfbc44fa6ac
snippets/homepage-collection.liquid:
  development: 2017-03-18T17:35:03-04:00   19cae7614c55c0dd9ad49d9a8d24b843
snippets/homepage-video-slider.liquid:
  development: 2017-03-18T17:35:03-04:00   4002f38c79b4539c9d7f46cf632e060a
snippets/instagram-product.liquid:
  development: 2017-03-18T17:35:03-04:00   cce18f6c73ddaccf8fd43078c83439fb
snippets/instagram.liquid:
  development: 2017-03-18T17:35:03-04:00   91faec767e49be08ea0d21d2d1684dc8
snippets/lion-wholesale.liquid:
  development: 2018-01-30T10:42:05-05:00   0ed23a430824c8b0b756b16e05a6eeb2
snippets/livechat_monitoring_code.liquid:
  development: 2017-03-18T17:35:03-04:00   69e138b8fc78ef8f3440762f9c896be3
snippets/newsletter-subscribe.liquid:
  development: 2017-03-18T17:35:03-04:00   62195656f8a10fc4454205e475ceafb5
snippets/oldIE-js.liquid:
  development: 2017-03-18T17:35:03-04:00   d543ced1a0bc0f7b9e4fdb20c4162034
snippets/onboarding-empty-collection.liquid:
  development: 2017-03-18T17:35:03-04:00   4ac7225c026c07e486a72739d8ee4e33
snippets/onboarding-featured-collections.liquid:
  development: 2017-03-18T17:35:03-04:00   c32edd2f8c61fd44a01a87d73f10aca1
snippets/onboarding-featured-products.liquid:
  development: 2017-03-18T17:35:03-04:00   51fb248726e745ab93e35e5c8f6086b3
snippets/onboarding-simple-products.liquid:
  development: 2017-03-18T17:35:03-04:00   7667877e2a5630e36e570f923d5afecd
snippets/order-logic.liquid:
  development: 2017-03-18T17:35:03-04:00   c09488e40b61b8734a07359b87799a77
snippets/pagination.liquid:
  development: 2017-03-18T17:35:03-04:00   622f3889d76613df33259220a8732847
snippets/product-description-tabs.liquid:
  development: 2017-03-18T17:35:03-04:00   2e699f00cd25df8f675322bdb2366f19
snippets/product-grid-item.liquid:
  development: 2017-03-20T07:38:20-04:00   85ea70a72471c985d209ea1ff2dbcc8f
snippets/product-list-item.liquid:
  development: 2017-03-20T07:38:44-04:00   e1b4d84e6774fa372726351e0fc19e2a
snippets/recent-posts.liquid:
  development: 2017-03-18T17:35:03-04:00   5ca2e75330a1d9234fc37082ae73f35c
snippets/related-products-tags.liquid:
  development: 2017-03-18T17:35:03-04:00   f098a5c69e47f6dee98576c475918f16
snippets/related-products.liquid:
  development: 2017-03-18T17:35:03-04:00   b13e3f1985b7c2a08232e21e1f808a55
snippets/respond.liquid:
  development: 2017-03-18T17:35:03-04:00   732a4c707b459d8c7b21de442fa6285e
snippets/saw_cart.liquid:
  development: 2017-03-19T13:28:46-04:00   c3e0e7d3210527ffae3f280543ba4e73
snippets/saw_collection_display.liquid:
  development: 2017-03-19T13:28:46-04:00   d10d6d88121d233371c02a4878848c8c
snippets/saw_compute_discount.liquid:
  development: 2017-03-19T13:28:46-04:00   33bc0fa9aa2a5b415d6c27637a17cc61
snippets/saw_product_json.liquid:
  development: 2017-03-19T13:28:46-04:00   6ed085a02b627ab53789182cdeda18b5
snippets/saw_variant.liquid:
  development: 2017-03-19T13:28:46-04:00   713235f65f2cde80e5ada18ba94a33c9
snippets/scn-base-js.liquid:
  development: 2017-03-18T17:35:03-04:00   2210acef43441550c97f2cbad0b647bb
snippets/scn-min-price.liquid:
  development: 2017-03-18T17:35:03-04:00   27e09c5d83e683ffa47cb6b48fc89938
snippets/scn-product.liquid:
  development: 2017-03-18T17:35:03-04:00   950cb579bbc51137ae0eff4f847821dd
snippets/search-bar.liquid:
  development: 2017-03-18T17:35:03-04:00   7af666c81918584b5083c4ca18588a10
snippets/shappify-csp-min-price.liquid:
  development: 2017-03-18T17:35:03-04:00   618ef8e46b8a1ea49937d6c85161741a
snippets/shappify-csp.liquid:
  development: 2017-03-18T17:35:03-04:00   05ce65f714ed9b9b92ab87d46039f096
snippets/shappify-variant-is-csp.liquid:
  development: 2017-03-18T17:35:03-04:00   6e71b1caaa7e5e81f5d63f00338f3ef2
snippets/shippingandtaxcalculator.liquid:
  development: 2017-03-18T17:35:03-04:00   377687608e9e010be9afd8de90a64da4
snippets/simple-collection.liquid:
  development: 2017-03-18T17:35:03-04:00   7e2b05d02202f48fd9d153e414c192ee
snippets/site-nav.liquid:
  development: 2017-03-18T17:35:03-04:00   3adb1001897d658ac3bd9afb7272c70f
snippets/social-icons.liquid:
  development: 2017-03-18T17:35:03-04:00   5d8979f655e6f3705e87c441b5d81c1d
snippets/social-meta-tags.liquid:
  development: 2017-03-18T17:35:03-04:00   0a5632d8ea24cf3005027f177af797c5
snippets/social-share.liquid:
  development: 2017-03-18T17:35:03-04:00   8b4eb38d11f8147bce022370aa8af7ca
snippets/src-from-text.liquid:
  development: 2017-03-18T17:35:03-04:00   44aea766312481ca710dcda710f665ac
snippets/tags-article.liquid:
  development: 2017-03-18T17:35:03-04:00   f6d611c0285a3266fdd47943422264e5
snippets/talon_pricelock_product_price_switch_product-grid-item_8814CB77.liquid:
  development: 2017-03-20T07:38:22-04:00   363d7cabf8ce85200ca10f8516dc0743
snippets/talon_pricelock_product_price_switch_product-list-item_6D566A92.liquid:
  development: 2017-03-20T07:38:46-04:00   5fa4b90d33d181392b0f8e52d9483433
snippets/talon_pricelock_product_price_switch_product_2206320C.liquid:
  development: 2017-03-20T07:39:38-04:00   21f64e0246517e1a5385f2c2b0ccbc43
snippets/talon_pricelock_show_price_product-grid-item_8814CB77.liquid:
  development: 2017-03-20T07:38:21-04:00   563a60ff834111fe02db53100277d976
snippets/talon_pricelock_show_price_product-list-item_6D566A92.liquid:
  development: 2017-03-20T07:38:44-04:00   79908cf8d93bbbbafb512188f8276017
snippets/talon_pricelock_show_price_product_2206320C.liquid:
  development: 2017-03-20T07:39:36-04:00   f9857baec500b38bff6e8a871fcd222d
snippets/vncpc.liquid:
  development: 2017-03-18T17:35:03-04:00   7771556dedb355130311cb6b8a44c0fa
snippets/wh_calculate_discount.liquid:
  development: 2017-03-18T17:35:03-04:00   919cfe7f64b3d8cbdb63ccfe9e172361
snippets/wh_calculate_discount_no_js.liquid:
  development: 2017-03-18T17:35:03-04:00   525ec9c8cea7d18bce2a26b2ab0ee148
snippets/wh_cart.liquid:
  development: 2018-01-30T10:42:07-05:00   9f3a6dd8402cafe265463d6594d4dc5c
snippets/wh_variant.liquid:
  development: 2017-03-18T17:35:03-04:00   fa1853a47c1497ee98204a1684950970
snippets/wh_visible_helper.liquid:
  development: 2017-03-18T17:35:03-04:00   75177aa477b53fe65be633fc43f4234a
snippets/wholesaler-product-price.liquid:
  development: 2018-01-30T10:39:56-05:00   5ace558e6f55d88d937e220a432ded73
snippets/wholesaler-variant-select.liquid:
  development: 2018-01-30T10:39:56-05:00   dfe4adf6405e6f9098ed2ae775e24be6
templates/404.liquid:
  development: 2017-03-18T17:35:03-04:00   8b2d679c5a52a129e65415b379aa256b
templates/article.liquid:
  development: 2017-03-18T17:35:04-04:00   a62cb454bb69c31ce58725d63a8376ac
templates/blog.liquid:
  development: 2017-03-18T17:35:04-04:00   0ff5783b0680e76a029fd9910bf6fea6
templates/cart.liquid:
  development: 2018-01-30T10:42:08-05:00   106ce486841ea7331d112fe663fb2f79
templates/cart.tsbkp.liquid:
  development: 2018-01-30T10:42:08-05:00   578d75a9a462f2076fa09a91dd5c0890
templates/collection.liquid:
  development: 2017-03-18T17:35:04-04:00   20643be78f48f9d2b8a5b2b3aa71785c
templates/collection.list.liquid:
  development: 2017-03-18T17:35:04-04:00   bab3f59b07b4fcf6bf5f138554a1073e
templates/customers/account.liquid:
  development: 2017-03-18T17:35:04-04:00   181b080bb9c87acc7ebdc996a8d301ab
templates/customers/activate_account.liquid:
  development: 2017-03-18T17:35:04-04:00   13f0a0df898fd9a43bfe14956e444335
templates/customers/addresses.liquid:
  development: 2017-03-18T17:35:04-04:00   8026eac3788194285ff9cc44d75582c7
templates/customers/login.liquid:
  development: 2017-03-18T17:35:04-04:00   91713b1b048a40ff7e18d5699a79c1ae
templates/customers/order.liquid:
  development: 2017-03-18T17:35:04-04:00   1a56135265f5115b60990e086a255478
templates/customers/register.liquid:
  development: 2017-03-18T17:35:04-04:00   618f165956e40e331bdfffbd01b8147b
templates/customers/reset_password.liquid:
  development: 2017-03-18T17:35:04-04:00   3c651900eec4e5c409352db0d5b6f242
templates/gift_card.liquid:
  development: 2017-03-18T17:35:04-04:00   95a13a3f748bbad4427ef5a66e492a1e
templates/index.liquid:
  development: 2017-03-18T17:35:04-04:00   2956441e981ab9704dc90e92326b3fe8
templates/list-collections.liquid:
  development: 2017-03-18T17:35:04-04:00   48d4328a88994f0ecbe2a3275765a006
templates/page.about.liquid:
  development: 2017-03-18T17:35:04-04:00   36a96ed24396f0ca5acea2e4ecc30236
templates/page.contact.liquid:
  development: 2017-03-18T17:35:04-04:00   9eb8ee7e5655bf744f73e681644a4204
templates/page.faq.liquid:
  development: 2017-03-18T17:35:04-04:00   93f6606745e847d4dbcde486ef8b3a47
templates/page.liquid:
  development: 2017-03-18T17:35:04-04:00   c67be6f9c96d90820c856d7d5b7086d6
templates/page.narrow.liquid:
  development: 2017-03-18T17:35:04-04:00   b82b93de7b87bb5fa2a8c08070a81512
templates/password.liquid:
  development: 2017-03-18T17:35:04-04:00   b57c905878d5432e147f251ff059244f
templates/product-backup-tabs.liquid:
  development: 2017-03-18T17:35:04-04:00   4c9e23df3ce7f7f9bf89b837882f39b3
templates/product.liquid:
  development: 2017-03-20T07:39:36-04:00   f685ba5af9b7e288b9baa8ec65cecdaf
templates/search.editorder.liquid:
  development: 2017-06-09T13:58:06-04:00   e2292039a60fd8392b9bbaafc08ee2d7
templates/search.liquid:
  development: 2017-03-18T17:35:04-04:00   99880542fb1c318d3b42a505059443ac
